
Microsoft Visual Studio Solution File, Format Version 12.00
# Visual Studio Version 16
VisualStudioVersion = 16.0.32802.440
MinimumVisualStudioVersion = 10.0.40219.1
Project("{8BC9CEB8-8B4A-11D0-8D11-00A0C91BC942}") = "File_comparison", "File_comparison\File_comparison.vcxproj", "{5B33D937-F7C9-4B83-A6C0-1048BA90D229}"
EndProject
Global
	GlobalSection(SolutionConfigurationPlatforms) = preSolution
		Debug|x64 = Debug|x64
		Debug|x86 = Debug|x86
		Release|x64 = Release|x64
		Release|x86 = Release|x86
	EndGlobalSection
	GlobalSection(ProjectConfigurationPlatforms) = postSolution
		{5B33D937-F7C9-4B83-A6C0-1048BA90D229}.Debug|x64.ActiveCfg = Debug|x64
		{5B33D937-F7C9-4B83-A6C0-1048BA90D229}.Debug|x64.Build.0 = Debug|x64
		{5B33D937-F7C9-4B83-A6C0-1048BA90D229}.Debug|x86.ActiveCfg = Debug|Win32
		{5B33D937-F7C9-4B83-A6C0-1048BA90D229}.Debug|x86.Build.0 = Debug|Win32
		{5B33D937-F7C9-4B83-A6C0-1048BA90D229}.Release|x64.ActiveCfg = Release|x64
		{5B33D937-F7C9-4B83-A6C0-1048BA90D229}.Release|x64.Build.0 = Release|x64
		{5B33D937-F7C9-4B83-A6C0-1048BA90D229}.Release|x86.ActiveCfg = Release|Win32
		{5B33D937-F7C9-4B83-A6C0-1048BA90D229}.Release|x86.Build.0 = Release|Win32
	EndGlobalSection
	GlobalSection(SolutionProperties) = preSolution
		HideSolutionNode = FALSE
	EndGlobalSection
	GlobalSection(ExtensibilityGlobals) = postSolution
		SolutionGuid = {CB40F344-114E-4C3B-9782-671CD8882FAF}
	EndGlobalSection
EndGlobal
